// !$*UTF8*$!
{
	archiveVersion = 1;
	classes = {
	};
	objectVersion = 50;
	objects = {

/* Begin PBXBuildFile section */
		213D2B322118B36F00AF461A /* Board.swift in Sources */ = {isa = PBXBuildFile; fileRef = 213D2B312118B36F00AF461A /* Board.swift */; };
		216E232D212B3165002FC180 /* GameOverScene.sks in Resources */ = {isa = PBXBuildFile; fileRef = 216E232C212B3165002FC180 /* GameOverScene.sks */; };
		216E232F212B317B002FC180 /* WinningScene.sks in Resources */ = {isa = PBXBuildFile; fileRef = 216E232E212B317B002FC180 /* WinningScene.sks */; };
		21726D54211C8A7000B1626A /* Pieces.swift in Sources */ = {isa = PBXBuildFile; fileRef = 21726D53211C8A7000B1626A /* Pieces.swift */; };
		DE98B4812114CDA60069FD62 /* AppDelegate.swift in Sources */ = {isa = PBXBuildFile; fileRef = DE98B4802114CDA60069FD62 /* AppDelegate.swift */; };
		DE98B4832114CDA60069FD62 /* GameScene.sks in Resources */ = {isa = PBXBuildFile; fileRef = DE98B4822114CDA60069FD62 /* GameScene.sks */; };
		DE98B4852114CDA60069FD62 /* Actions.sks in Resources */ = {isa = PBXBuildFile; fileRef = DE98B4842114CDA60069FD62 /* Actions.sks */; };
		DE98B4872114CDA60069FD62 /* GameScene.swift in Sources */ = {isa = PBXBuildFile; fileRef = DE98B4862114CDA60069FD62 /* GameScene.swift */; };
		DE98B4892114CDA60069FD62 /* GameViewController.swift in Sources */ = {isa = PBXBuildFile; fileRef = DE98B4882114CDA60069FD62 /* GameViewController.swift */; };
		DE98B48C2114CDA60069FD62 /* Main.storyboard in Resources */ = {isa = PBXBuildFile; fileRef = DE98B48A2114CDA60069FD62 /* Main.storyboard */; };
		DE98B48E2114CDAE0069FD62 /* Assets.xcassets in Resources */ = {isa = PBXBuildFile; fileRef = DE98B48D2114CDAE0069FD62 /* Assets.xcassets */; };
		DE98B4912114CDAE0069FD62 /* LaunchScreen.storyboard in Resources */ = {isa = PBXBuildFile; fileRef = DE98B48F2114CDAE0069FD62 /* LaunchScreen.storyboard */; };
		DEAC7F1A2124D04A008F2FAE /* GameOverScene.swift in Sources */ = {isa = PBXBuildFile; fileRef = DEAC7F192124D04A008F2FAE /* GameOverScene.swift */; };
		DEAC7F1C2124D063008F2FAE /* WinningScene.swift in Sources */ = {isa = PBXBuildFile; fileRef = DEAC7F1B2124D063008F2FAE /* WinningScene.swift */; };
/* End PBXBuildFile section */

/* Begin PBXFileReference section */
		213D2B312118B36F00AF461A /* Board.swift */ = {isa = PBXFileReference; lastKnownFileType = sourcecode.swift; path = Board.swift; sourceTree = "<group>"; };
		216E232C212B3165002FC180 /* GameOverScene.sks */ = {isa = PBXFileReference; lastKnownFileType = file.sks; name = GameOverScene.sks; path = "../../../Documents/UTDBootCamp2018/GitHub/StressBomb-master/StressBomb/GameOverScene.sks"; sourceTree = "<group>"; };
		216E232E212B317B002FC180 /* WinningScene.sks */ = {isa = PBXFileReference; lastKnownFileType = file.sks; name = WinningScene.sks; path = "../../../Documents/UTDBootCamp2018/GitHub/StressBomb-master/StressBomb/WinningScene.sks"; sourceTree = "<group>"; };
		21726D53211C8A7000B1626A /* Pieces.swift */ = {isa = PBXFileReference; lastKnownFileType = sourcecode.swift; path = Pieces.swift; sourceTree = "<group>"; };
		DE98B47D2114CDA60069FD62 /* StressBomb.app */ = {isa = PBXFileReference; explicitFileType = wrapper.application; includeInIndex = 0; path = StressBomb.app; sourceTree = BUILT_PRODUCTS_DIR; };
		DE98B4802114CDA60069FD62 /* AppDelegate.swift */ = {isa = PBXFileReference; lastKnownFileType = sourcecode.swift; path = AppDelegate.swift; sourceTree = "<group>"; };
		DE98B4822114CDA60069FD62 /* GameScene.sks */ = {isa = PBXFileReference; lastKnownFileType = file.sks; path = GameScene.sks; sourceTree = "<group>"; };
		DE98B4842114CDA60069FD62 /* Actions.sks */ = {isa = PBXFileReference; lastKnownFileType = file.sks; path = Actions.sks; sourceTree = "<group>"; };
		DE98B4862114CDA60069FD62 /* GameScene.swift */ = {isa = PBXFileReference; lastKnownFileType = sourcecode.swift; path = GameScene.swift; sourceTree = "<group>"; };
		DE98B4882114CDA60069FD62 /* GameViewController.swift */ = {isa = PBXFileReference; lastKnownFileType = sourcecode.swift; path = GameViewController.swift; sourceTree = "<group>"; };
		DE98B48B2114CDA60069FD62 /* Base */ = {isa = PBXFileReference; lastKnownFileType = file.storyboard; name = Base; path = Base.lproj/Main.storyboard; sourceTree = "<group>"; };
		DE98B48D2114CDAE0069FD62 /* Assets.xcassets */ = {isa = PBXFileReference; lastKnownFileType = folder.assetcatalog; path = Assets.xcassets; sourceTree = "<group>"; };
		DE98B4902114CDAE0069FD62 /* Base */ = {isa = PBXFileReference; lastKnownFileType = file.storyboard; name = Base; path = Base.lproj/LaunchScreen.storyboard; sourceTree = "<group>"; };
		DE98B4922114CDAE0069FD62 /* Info.plist */ = {isa = PBXFileReference; lastKnownFileType = text.plist.xml; path = Info.plist; sourceTree = "<group>"; };
		DEAC7F192124D04A008F2FAE /* GameOverScene.swift */ = {isa = PBXFileReference; lastKnownFileType = sourcecode.swift; path = GameOverScene.swift; sourceTree = "<group>"; };
		DEAC7F1B2124D063008F2FAE /* WinningScene.swift */ = {isa = PBXFileReference; lastKnownFileType = sourcecode.swift; path = WinningScene.swift; sourceTree = "<group>"; };
/* End PBXFileReference section */

/* Begin PBXFrameworksBuildPhase section */
		DE98B47A2114CDA60069FD62 /* Frameworks */ = {
			isa = PBXFrameworksBuildPhase;
			buildActionMask = 2147483647;
			files = (
			);
			runOnlyForDeploymentPostprocessing = 0;
		};
/* End PBXFrameworksBuildPhase section */

/* Begin PBXGroup section */
		DE98B4742114CDA60069FD62 = {
			isa = PBXGroup;
			children = (
				DE98B47F2114CDA60069FD62 /* StressBomb */,
				DE98B47E2114CDA60069FD62 /* Products */,
			);
			sourceTree = "<group>";
		};
		DE98B47E2114CDA60069FD62 /* Products */ = {
			isa = PBXGroup;
			children = (
				DE98B47D2114CDA60069FD62 /* StressBomb.app */,
			);
			name = Products;
			sourceTree = "<group>";
		};
		DE98B47F2114CDA60069FD62 /* StressBomb */ = {
			isa = PBXGroup;
			children = (
				DE98B4802114CDA60069FD62 /* AppDelegate.swift */,
				DE98B4822114CDA60069FD62 /* GameScene.sks */,
				DE98B4842114CDA60069FD62 /* Actions.sks */,
				DE98B4862114CDA60069FD62 /* GameScene.swift */,
				DEAC7F192124D04A008F2FAE /* GameOverScene.swift */,
				DEAC7F1B2124D063008F2FAE /* WinningScene.swift */,
				DE98B4882114CDA60069FD62 /* GameViewController.swift */,
				DE98B48A2114CDA60069FD62 /* Main.storyboard */,
				DE98B48D2114CDAE0069FD62 /* Assets.xcassets */,
				216E232C212B3165002FC180 /* GameOverScene.sks */,
				DE98B48F2114CDAE0069FD62 /* LaunchScreen.storyboard */,
				216E232E212B317B002FC180 /* WinningScene.sks */,
				DE98B4922114CDAE0069FD62 /* Info.plist */,
				213D2B312118B36F00AF461A /* Board.swift */,
				21726D53211C8A7000B1626A /* Pieces.swift */,
			);
			path = StressBomb;
			sourceTree = "<group>";
		};
/* End PBXGroup section */

/* Begin PBXNativeTarget section */
		DE98B47C2114CDA60069FD62 /* StressBomb */ = {
			isa = PBXNativeTarget;
			buildConfigurationList = DE98B4952114CDAE0069FD62 /* Build configuration list for PBXNativeTarget "StressBomb" */;
			buildPhases = (
				DE98B4792114CDA60069FD62 /* Sources */,
				DE98B47A2114CDA60069FD62 /* Frameworks */,
				DE98B47B2114CDA60069FD62 /* Resources */,
			);
			buildRules = (
			);
			dependencies = (
			);
			name = StressBomb;
			productName = StressBomb;
			productReference = DE98B47D2114CDA60069FD62 /* StressBomb.app */;
			productType = "com.apple.product-type.application";
		};
/* End PBXNativeTarget section */

/* Begin PBXProject section */
		DE98B4752114CDA60069FD62 /* Project object */ = {
			isa = PBXProject;
			attributes = {
				LastSwiftUpdateCheck = 0940;
				LastUpgradeCheck = 0940;
				ORGANIZATIONNAME = TeamLynx;
				TargetAttributes = {
					DE98B47C2114CDA60069FD62 = {
						CreatedOnToolsVersion = 9.4.1;
					};
				};
			};
			buildConfigurationList = DE98B4782114CDA60069FD62 /* Build configuration list for PBXProject "StressBomb" */;
			compatibilityVersion = "Xcode 9.3";
			developmentRegion = en;
			hasScannedForEncodings = 0;
			knownRegions = (
				en,
				Base,
			);
			mainGroup = DE98B4742114CDA60069FD62;
			productRefGroup = DE98B47E2114CDA60069FD62 /* Products */;
			projectDirPath = "";
			projectRoot = "";
			targets = (
				DE98B47C2114CDA60069FD62 /* StressBomb */,
			);
		};
/* End PBXProject section */

/* Begin PBXResourcesBuildPhase section */
		DE98B47B2114CDA60069FD62 /* Resources */ = {
			isa = PBXResourcesBuildPhase;
			buildActionMask = 2147483647;
			files = (
				DE98B48C2114CDA60069FD62 /* Main.storyboard in Resources */,
				DE98B4832114CDA60069FD62 /* GameScene.sks in Resources */,
				DE98B48E2114CDAE0069FD62 /* Assets.xcassets in Resources */,
				DE98B4912114CDAE0069FD62 /* LaunchScreen.storyboard in Resources */,
				216E232D212B3165002FC180 /* GameOverScene.sks in Resources */,
				216E232F212B317B002FC180 /* WinningScene.sks in Resources */,
				DE98B4852114CDA60069FD62 /* Actions.sks in Resources */,
			);
			runOnlyForDeploymentPostprocessing = 0;
		};
/* End PBXResourcesBuildPhase section */

/* Begin PBXSourcesBuildPhase section */
		DE98B4792114CDA60069FD62 /* Sources */ = {
			isa = PBXSourcesBuildPhase;
			buildActionMask = 2147483647;
			files = (
				21726D54211C8A7000B1626A /* Pieces.swift in Sources */,
				DE98B4872114CDA60069FD62 /* GameScene.swift in Sources */,
				DEAC7F1C2124D063008F2FAE /* WinningScene.swift in Sources */,
				DE98B4892114CDA60069FD62 /* GameViewController.swift in Sources */,
				213D2B322118B36F00AF461A /* Board.swift in Sources */,
				DEAC7F1A2124D04A008F2FAE /* GameOverScene.swift in Sources */,
				DE98B4812114CDA60069FD62 /* AppDelegate.swift in Sources */,
			);
			runOnlyForDeploymentPostprocessing = 0;
		};
/* End PBXSourcesBuildPhase section */

/* Begin PBXVariantGroup section */
		DE98B48A2114CDA60069FD62 /* Main.storyboard */ = {
			isa = PBXVariantGroup;
			children = (
				DE98B48B2114CDA60069FD62 /* Base */,
			);
			name = Main.storyboard;
			sourceTree = "<group>";
		};
		DE98B48F2114CDAE0069FD62 /* LaunchScreen.storyboard */ = {
			isa = PBXVariantGroup;
			children = (
				DE98B4902114CDAE0069FD62 /* Base */,
			);
			name = LaunchScreen.storyboard;
			sourceTree = "<group>";
		};
/* End PBXVariantGroup section */

/* Begin XCBuildConfiguration section */
		DE98B4932114CDAE0069FD62 /* Debug */ = {
			isa = XCBuildConfiguration;
			buildSettings = {
				ALWAYS_SEARCH_USER_PATHS = NO;
				CLANG_ANALYZER_NONNULL = YES;
				CLANG_ANALYZER_NUMBER_OBJECT_CONVERSION = YES_AGGRESSIVE;
				CLANG_CXX_LANGUAGE_STANDARD = "gnu++14";
				CLANG_CXX_LIBRARY = "libc++";
				CLANG_ENABLE_MODULES = YES;
				CLANG_ENABLE_OBJC_ARC = YES;
				CLANG_ENABLE_OBJC_WEAK = YES;
				CLANG_WARN_BLOCK_CAPTURE_AUTORELEASING = YES;
				CLANG_WARN_BOOL_CONVERSION = YES;
				CLANG_WARN_COMMA = YES;
				CLANG_WARN_CONSTANT_CONVERSION = YES;
				CLANG_WARN_DEPRECATED_OBJC_IMPLEMENTATIONS = YES;
				CLANG_WARN_DIRECT_OBJC_ISA_USAGE = YES_ERROR;
				CLANG_WARN_DOCUMENTATION_COMMENTS = YES;
				CLANG_WARN_EMPTY_BODY = YES;
				CLANG_WARN_ENUM_CONVERSION = YES;
				CLANG_WARN_INFINITE_RECURSION = YES;
				CLANG_WARN_INT_CONVERSION = YES;
				CLANG_WARN_NON_LITERAL_NULL_CONVERSION = YES;
				CLANG_WARN_OBJC_IMPLICIT_RETAIN_SELF = YES;
				CLANG_WARN_OBJC_LITERAL_CONVERSION = YES;
				CLANG_WARN_OBJC_ROOT_CLASS = YES_ERROR;
				CLANG_WARN_RANGE_LOOP_ANALYSIS = YES;
				CLANG_WARN_STRICT_PROTOTYPES = YES;
				CLANG_WARN_SUSPICIOUS_MOVE = YES;
				CLANG_WARN_UNGUARDED_AVAILABILITY = YES_AGGRESSIVE;
				CLANG_WARN_UNREACHABLE_CODE = YES;
				CLANG_WARN__DUPLICATE_METHOD_MATCH = YES;
				CODE_SIGN_IDENTITY = "iPhone Developer";
				COPY_PHASE_STRIP = NO;
				DEBUG_INFORMATION_FORMAT = dwarf;
				ENABLE_STRICT_OBJC_MSGSEND = YES;
				ENABLE_TESTABILITY = YES;
				GCC_C_LANGUAGE_STANDARD = gnu11;
				GCC_DYNAMIC_NO_PIC = NO;
				GCC_NO_COMMON_BLOCKS = YES;
				GCC_OPTIMIZATION_LEVEL = 0;
				GCC_PREPROCESSOR_DEFINITIONS = (
					"DEBUG=1",
					"$(inherited)",
				);
				GCC_WARN_64_TO_32_BIT_CONVERSION = YES;
				GCC_WARN_ABOUT_RETURN_TYPE = YES_ERROR;
				GCC_WARN_UNDECLARED_SELECTOR = YES;
				GCC_WARN_UNINITIALIZED_AUTOS = YES_AGGRESSIVE;
				GCC_WARN_UNUSED_FUNCTION = YES;
				GCC_WARN_UNUSED_VARIABLE = YES;
				IPHONEOS_DEPLOYMENT_TARGET = 11.4;
				MTL_ENABLE_DEBUG_INFO = YES;
				ONLY_ACTIVE_ARCH = YES;
				SDKROOT = iphoneos;
				SWIFT_ACTIVE_COMPILATION_CONDITIONS = DEBUG;
				SWIFT_OPTIMIZATION_LEVEL = "-Onone";
			};
			name = Debug;
		};
		DE98B4942114CDAE0069FD62 /* Release */ = {
			isa = XCBuildConfiguration;
			buildSettings = {
				ALWAYS_SEARCH_USER_PATHS = NO;
				CLANG_ANALYZER_NONNULL = YES;
				CLANG_ANALYZER_NUMBER_OBJECT_CONVERSION = YES_AGGRESSIVE;
				CLANG_CXX_LANGUAGE_STANDARD = "gnu++14";
				CLANG_CXX_LIBRARY = "libc++";
				CLANG_ENABLE_MODULES = YES;
				CLANG_ENABLE_OBJC_ARC = YES;
				CLANG_ENABLE_OBJC_WEAK = YES;
				CLANG_WARN_BLOCK_CAPTURE_AUTORELEASING = YES;
				CLANG_WARN_BOOL_CONVERSION = YES;
				CLANG_WARN_COMMA = YES;
				CLANG_WARN_CONSTANT_CONVERSION = YES;
				CLANG_WARN_DEPRECATED_OBJC_IMPLEMENTATIONS = YES;
				CLANG_WARN_DIRECT_OBJC_ISA_USAGE = YES_ERROR;
				CLANG_WARN_DOCUMENTATION_COMMENTS = YES;
				CLANG_WARN_EMPTY_BODY = YES;
				CLANG_WARN_ENUM_CONVERSION = YES;
				CLANG_WARN_INFINITE_RECURSION = YES;
				CLANG_WARN_INT_CONVERSION = YES;
				CLANG_WARN_NON_LITERAL_NULL_CONVERSION = YES;
				CLANG_WARN_OBJC_IMPLICIT_RETAIN_SELF = YES;
				CLANG_WARN_OBJC_LITERAL_CONVERSION = YES;
				CLANG_WARN_OBJC_ROOT_CLASS = YES_ERROR;
				CLANG_WARN_RANGE_LOOP_ANALYSIS = YES;
				CLANG_WARN_STRICT_PROTOTYPES = YES;
				CLANG_WARN_SUSPICIOUS_MOVE = YES;
				CLANG_WARN_UNGUARDED_AVAILABILITY = YES_AGGRESSIVE;
				CLANG_WARN_UNREACHABLE_CODE = YES;
				CLANG_WARN__DUPLICATE_METHOD_MATCH = YES;
				CODE_SIGN_IDENTITY = "iPhone Developer";
				COPY_PHASE_STRIP = NO;
				DEBUG_INFORMATION_FORMAT = "dwarf-with-dsym";
				ENABLE_NS_ASSERTIONS = NO;
				ENABLE_STRICT_OBJC_MSGSEND = YES;
				GCC_C_LANGUAGE_STANDARD = gnu11;
				GCC_NO_COMMON_BLOCKS = YES;
				GCC_WARN_64_TO_32_BIT_CONVERSION = YES;
				GCC_WARN_ABOUT_RETURN_TYPE = YES_ERROR;
				GCC_WARN_UNDECLARED_SELECTOR = YES;
				GCC_WARN_UNINITIALIZED_AUTOS = YES_AGGRESSIVE;
				GCC_WARN_UNUSED_FUNCTION = YES;
				GCC_WARN_UNUSED_VARIABLE = YES;
				IPHONEOS_DEPLOYMENT_TARGET = 11.4;
				MTL_ENABLE_DEBUG_INFO = NO;
				SDKROOT = iphoneos;
				SWIFT_COMPILATION_MODE = wholemodule;
				SWIFT_OPTIMIZATION_LEVEL = "-O";
				VALIDATE_PRODUCT = YES;
			};
			name = Release;
		};
		DE98B4962114CDAE0069FD62 /* Debug */ = {
			isa = XCBuildConfiguration;
			buildSettings = {
				ASSETCATALOG_COMPILER_APPICON_NAME = AppIcon;
				CODE_SIGN_STYLE = Automatic;
				DEVELOPMENT_TEAM = CD84N9QP66;
				INFOPLIST_FILE = StressBomb/Info.plist;
				LD_RUNPATH_SEARCH_PATHS = (
					"$(inherited)",
					"@executable_path/Frameworks",
				);
				PRODUCT_BUNDLE_IDENTIFIER = com.cartwheelgalaxy.games.StressBomb;
				PRODUCT_NAME = "$(TARGET_NAME)";
				SWIFT_VERSION = 4.0;
				TARGETED_DEVICE_FAMILY = "1,2";
			};
			name = Debug;
		};
		DE98B4972114CDAE0069FD62 /* Release */ = {
			isa = XCBuildConfiguration;
			buildSettings = {
				ASSETCATALOG_COMPILER_APPICON_NAME = AppIcon;
				CODE_SIGN_STYLE = Automatic;
				DEVELOPMENT_TEAM = CD84N9QP66;
				INFOPLIST_FILE = StressBomb/Info.plist;
				LD_RUNPATH_SEARCH_PATHS = (
					"$(inherited)",
					"@executable_path/Frameworks",
				);
				PRODUCT_BUNDLE_IDENTIFIER = com.cartwheelgalaxy.games.StressBomb;
				PRODUCT_NAME = "$(TARGET_NAME)";
				SWIFT_VERSION = 4.0;
				TARGETED_DEVICE_FAMILY = "1,2";
			};
			name = Release;
		};
/* End XCBuildConfiguration section */

/* Begin XCConfigurationList section */
		DE98B4782114CDA60069FD62 /* Build configuration list for PBXProject "StressBomb" */ = {
			isa = XCConfigurationList;
			buildConfigurations = (
				DE98B4932114CDAE0069FD62 /* Debug */,
				DE98B4942114CDAE0069FD62 /* Release */,
			);
			defaultConfigurationIsVisible = 0;
			defaultConfigurationName = Release;
		};
		DE98B4952114CDAE0069FD62 /* Build configuration list for PBXNativeTarget "StressBomb" */ = {
			isa = XCConfigurationList;
			buildConfigurations = (
				DE98B4962114CDAE0069FD62 /* Debug */,
				DE98B4972114CDAE0069FD62 /* Release */,
			);
			defaultConfigurationIsVisible = 0;
			defaultConfigurationName = Release;
		};
/* End XCConfigurationList section */
	};
	rootObject = DE98B4752114CDA60069FD62 /* Project object */;
}
